
Microsoft Visual Studio Solution File, Format Version 12.00
# Visual Studio Version 16
VisualStudioVersion = 16.0.31605.320
MinimumVisualStudioVersion = 10.0.40219.1
Project("{FAE04EC0-301F-11D3-BF4B-00C04F79EFBC}") = "OOP_Encapsulation", "OOP_Encapsulation\OOP_Encapsulation.csproj", "{F7B91D61-01F0-452D-8E39-C6E2B0E76351}"
EndProject
Global
	GlobalSection(SolutionConfigurationPlatforms) = preSolution
		Debug|Any CPU = Debug|Any CPU
		Release|Any CPU = Release|Any CPU
	EndGlobalSection
	GlobalSection(ProjectConfigurationPlatforms) = postSolution
		{F7B91D61-01F0-452D-8E39-C6E2B0E76351}.Debug|Any CPU.ActiveCfg = Debug|Any CPU
		{F7B91D61-01F0-452D-8E39-C6E2B0E76351}.Debug|Any CPU.Build.0 = Debug|Any CPU
		{F7B91D61-01F0-452D-8E39-C6E2B0E76351}.Release|Any CPU.ActiveCfg = Release|Any CPU
		{F7B91D61-01F0-452D-8E39-C6E2B0E76351}.Release|Any CPU.Build.0 = Release|Any CPU
	EndGlobalSection
	GlobalSection(SolutionProperties) = preSolution
		HideSolutionNode = FALSE
	EndGlobalSection
	GlobalSection(ExtensibilityGlobals) = postSolution
		SolutionGuid = {262A28BA-7213-447C-B847-0042F455FF25}
	EndGlobalSection
EndGlobal
