
Microsoft Visual Studio Solution File, Format Version 12.00
# Visual Studio Version 16
VisualStudioVersion = 16.0.31605.320
MinimumVisualStudioVersion = 10.0.40219.1
Project("{FAE04EC0-301F-11D3-BF4B-00C04F79EFBC}") = "Inheritance", "Inheritance\Inheritance.csproj", "{0058FCE4-E1EA-4D96-BB14-298844523AB3}"
EndProject
Global
	GlobalSection(SolutionConfigurationPlatforms) = preSolution
		Debug|Any CPU = Debug|Any CPU
		Release|Any CPU = Release|Any CPU
	EndGlobalSection
	GlobalSection(ProjectConfigurationPlatforms) = postSolution
		{0058FCE4-E1EA-4D96-BB14-298844523AB3}.Debug|Any CPU.ActiveCfg = Debug|Any CPU
		{0058FCE4-E1EA-4D96-BB14-298844523AB3}.Debug|Any CPU.Build.0 = Debug|Any CPU
		{0058FCE4-E1EA-4D96-BB14-298844523AB3}.Release|Any CPU.ActiveCfg = Release|Any CPU
		{0058FCE4-E1EA-4D96-BB14-298844523AB3}.Release|Any CPU.Build.0 = Release|Any CPU
	EndGlobalSection
	GlobalSection(SolutionProperties) = preSolution
		HideSolutionNode = FALSE
	EndGlobalSection
	GlobalSection(ExtensibilityGlobals) = postSolution
		SolutionGuid = {44A431EC-E74D-4CC6-9779-99B3BAA9694A}
	EndGlobalSection
EndGlobal
