
Microsoft Visual Studio Solution File, Format Version 12.00
# Visual Studio Version 16
VisualStudioVersion = 16.0.31605.320
MinimumVisualStudioVersion = 10.0.40219.1
Project("{FAE04EC0-301F-11D3-BF4B-00C04F79EFBC}") = "OOP_Interface", "OOP_Interface\OOP_Interface.csproj", "{A8588AF4-1F02-4EE9-A51A-F8E9B029D699}"
EndProject
Global
	GlobalSection(SolutionConfigurationPlatforms) = preSolution
		Debug|Any CPU = Debug|Any CPU
		Release|Any CPU = Release|Any CPU
	EndGlobalSection
	GlobalSection(ProjectConfigurationPlatforms) = postSolution
		{A8588AF4-1F02-4EE9-A51A-F8E9B029D699}.Debug|Any CPU.ActiveCfg = Debug|Any CPU
		{A8588AF4-1F02-4EE9-A51A-F8E9B029D699}.Debug|Any CPU.Build.0 = Debug|Any CPU
		{A8588AF4-1F02-4EE9-A51A-F8E9B029D699}.Release|Any CPU.ActiveCfg = Release|Any CPU
		{A8588AF4-1F02-4EE9-A51A-F8E9B029D699}.Release|Any CPU.Build.0 = Release|Any CPU
	EndGlobalSection
	GlobalSection(SolutionProperties) = preSolution
		HideSolutionNode = FALSE
	EndGlobalSection
	GlobalSection(ExtensibilityGlobals) = postSolution
		SolutionGuid = {0A4BED21-9BC3-40B4-B652-DB034D67100D}
	EndGlobalSection
EndGlobal
