
Microsoft Visual Studio Solution File, Format Version 12.00
# Visual Studio Version 16
VisualStudioVersion = 16.0.31605.320
MinimumVisualStudioVersion = 10.0.40219.1
Project("{FAE04EC0-301F-11D3-BF4B-00C04F79EFBC}") = "OOP_Repository", "OOP_Repository\OOP_Repository.csproj", "{F200C1CC-FF76-47E3-9C35-7E59394AA548}"
EndProject
Global
	GlobalSection(SolutionConfigurationPlatforms) = preSolution
		Debug|Any CPU = Debug|Any CPU
		Release|Any CPU = Release|Any CPU
	EndGlobalSection
	GlobalSection(ProjectConfigurationPlatforms) = postSolution
		{F200C1CC-FF76-47E3-9C35-7E59394AA548}.Debug|Any CPU.ActiveCfg = Debug|Any CPU
		{F200C1CC-FF76-47E3-9C35-7E59394AA548}.Debug|Any CPU.Build.0 = Debug|Any CPU
		{F200C1CC-FF76-47E3-9C35-7E59394AA548}.Release|Any CPU.ActiveCfg = Release|Any CPU
		{F200C1CC-FF76-47E3-9C35-7E59394AA548}.Release|Any CPU.Build.0 = Release|Any CPU
	EndGlobalSection
	GlobalSection(SolutionProperties) = preSolution
		HideSolutionNode = FALSE
	EndGlobalSection
	GlobalSection(ExtensibilityGlobals) = postSolution
		SolutionGuid = {BC346ED3-FD65-41B0-97BE-ACDEEAB3AD5E}
	EndGlobalSection
EndGlobal
